# THIS IS AN AUTOGENERATED FILE. DO NOT EDIT THIS FILE DIRECTLY.
# yarn lockfile v1


"@fluentui/date-time-utilities@^8.5.14":
  version "8.5.14"
  resolved "https://registry.npmjs.org/@fluentui/date-time-utilities/-/date-time-utilities-8.5.14.tgz#bf7dee2eb3f1540066b342341edcba56d1ba6638"
  integrity sha512-Kc64ZBj0WiaSW/Bsh4fMy9oM2FIk1TgIqBV6+OgOtdKx9cXwLdmgGk8zuQTcuRnwv5WCk2M6wvW1M+eK3sNRGA==
  dependencies:
    "@fluentui/set-version" "^8.2.12"
    tslib "^2.1.0"

"@fluentui/dom-utilities@^2.2.12":
  version "2.2.12"
  resolved "https://registry.npmjs.org/@fluentui/dom-utilities/-/dom-utilities-2.2.12.tgz#5797c940f87a0e71fdff097b1eb17f3ed919fb6e"
  integrity sha512-safCKQPJTnshYG13/U2Zx1KWhOhU4vl5RAKqW7HEBfLOHds/fAR+EzTvKgO6OgxJq59JAKJvpH2QujkLXZZQ3A==
  dependencies:
    "@fluentui/set-version" "^8.2.12"
    tslib "^2.1.0"

"@fluentui/font-icons-mdl2@^8.5.27":
  version "8.5.27"
  resolved "https://registry.npmjs.org/@fluentui/font-icons-mdl2/-/font-icons-mdl2-8.5.27.tgz#67d2be103956cfeca94332c821b0b80556e5b3a1"
  integrity sha512-u6J9SmdWsr3WjC7zog930IWWySA+mxLfIqfyux9oATJQPUs+76juYYbolDTJTvndVEmb+piA7qBhEubUoaXJjQ==
  dependencies:
    "@fluentui/set-version" "^8.2.12"
    "@fluentui/style-utilities" "^8.9.20"
    "@fluentui/utilities" "^8.13.21"
    tslib "^2.1.0"

"@fluentui/foundation-legacy@^8.2.47":
  version "8.2.47"
  resolved "https://registry.npmjs.org/@fluentui/foundation-legacy/-/foundation-legacy-8.2.47.tgz#fe9658e2e58980c16fbbf1a4af40103ea2f8c042"
  integrity sha512-El/8/makZh2fqd2YdLSTy3T2oJ3N6WCsPzkud9CdMF98Oby0jny4EAtzjBNRbAwL4/gppOYIIchVuzRL4V2rcw==
  dependencies:
    "@fluentui/merge-styles" "^8.5.13"
    "@fluentui/set-version" "^8.2.12"
    "@fluentui/style-utilities" "^8.9.20"
    "@fluentui/utilities" "^8.13.21"
    tslib "^2.1.0"

"@fluentui/keyboard-key@^0.4.12":
  version "0.4.12"
  resolved "https://registry.npmjs.org/@fluentui/keyboard-key/-/keyboard-key-0.4.12.tgz#003fb13c618640e7e51cb13e893ad857b92d85d9"
  integrity sha512-9nPglM58ThbOEQ88KijdYl64hiTAQQ0o60HRc0vboibmr41mJ322FoBz5Q5S5QLIEbBZajrAkrDMs3PKW4CCSw==
  dependencies:
    tslib "^2.1.0"

"@fluentui/merge-styles@^8.5.13":
  version "8.5.13"
  resolved "https://registry.npmjs.org/@fluentui/merge-styles/-/merge-styles-8.5.13.tgz#749e3b048f33b17af2edab7b9db67cde31513a2c"
  integrity sha512-ocgwNlQcQwn5mNlZKFazrFVbYDEQ6BptoW4GyEv6U5TEHE8HKKYuPRf340NXCRGiacSpz3vLkyDjp+L431qUXg==
  dependencies:
    "@fluentui/set-version" "^8.2.12"
    tslib "^2.1.0"

"@fluentui/react-focus@^8.8.34":
  version "8.8.34"
  resolved "https://registry.npmjs.org/@fluentui/react-focus/-/react-focus-8.8.34.tgz#563d4eae66e973712a70e8d88777bb3e08f2412f"
  integrity sha512-GNi8MqQRdoIaYpiz5kWIQaX1mNzFz3X+UShezA3gohrXnkONUvrPBuFDyYgQXoqk67juEZ+oGxl2PpKjz08HCA==
  dependencies:
    "@fluentui/keyboard-key" "^0.4.12"
    "@fluentui/merge-styles" "^8.5.13"
    "@fluentui/set-version" "^8.2.12"
    "@fluentui/style-utilities" "^8.9.20"
    "@fluentui/utilities" "^8.13.21"
    tslib "^2.1.0"

"@fluentui/react-hooks@^8.6.33":
  version "8.6.33"
  resolved "https://registry.npmjs.org/@fluentui/react-hooks/-/react-hooks-8.6.33.tgz#3ff56656408e7436aa092ca03bbc7b88ba1d2d73"
  integrity sha512-3P9RA34QhhjFwHwCvfOqMDgCwvks4hgMsEGvQVTdrcya4uskxBx4FqCLzoMxkXcAJjJCiTJmPx/mZQqQpgoyoA==
  dependencies:
    "@fluentui/react-window-provider" "^2.2.16"
    "@fluentui/set-version" "^8.2.12"
    "@fluentui/utilities" "^8.13.21"
    tslib "^2.1.0"

"@fluentui/react-portal-compat-context@^9.0.9":
  version "9.0.10"
  resolved "https://registry.npmjs.org/@fluentui/react-portal-compat-context/-/react-portal-compat-context-9.0.10.tgz#b2aa50613637027bafece952cd1dcf0bc60d4bf7"
  integrity sha512-l38C+tGb76yyFQ9sxUrY8DDyp2hoYru3pISFivPitFgkP6nqlnZPNd8yPE48RuVWjMhTKQ/1uCdE6ymBH9wBZQ==
  dependencies:
    "@swc/helpers" "^0.5.1"

"@fluentui/react-window-provider@^2.2.16":
  version "2.2.16"
  resolved "https://registry.npmjs.org/@fluentui/react-window-provider/-/react-window-provider-2.2.16.tgz#ced0c18ff3dfa9789bddb8dc3c7ac16c2725d2dd"
  integrity sha512-4gkUMSAUjo3cgCGt+0VvTbMy9qbF6zo/cmmfYtfqbSFtXz16lKixSCMIf66gXdKjovqRGVFC/XibqfrXM2QLuw==
  dependencies:
    "@fluentui/set-version" "^8.2.12"
    tslib "^2.1.0"

"@fluentui/react@^8.112.8":
  version "8.112.8"
  resolved "https://registry.npmjs.org/@fluentui/react/-/react-8.112.8.tgz#4f19f5a86a7c57c8a97256468737e21d1ef12697"
  integrity sha512-dKbt1t++aKJ9PmZrui1+RYGTXeTBQOxuloxpa+cVaMCcUwlxrAyp4S+xsLD0Pe1vyv37DkTbnTDl59+KKIe+CA==
  dependencies:
    "@fluentui/date-time-utilities" "^8.5.14"
    "@fluentui/font-icons-mdl2" "^8.5.27"
    "@fluentui/foundation-legacy" "^8.2.47"
    "@fluentui/merge-styles" "^8.5.13"
    "@fluentui/react-focus" "^8.8.34"
    "@fluentui/react-hooks" "^8.6.33"
    "@fluentui/react-portal-compat-context" "^9.0.9"
    "@fluentui/react-window-provider" "^2.2.16"
    "@fluentui/set-version" "^8.2.12"
    "@fluentui/style-utilities" "^8.9.20"
    "@fluentui/theme" "^2.6.38"
    "@fluentui/utilities" "^8.13.21"
    "@microsoft/load-themed-styles" "^1.10.26"
    tslib "^2.1.0"

"@fluentui/set-version@^8.2.12":
  version "8.2.12"
  resolved "https://registry.npmjs.org/@fluentui/set-version/-/set-version-8.2.12.tgz#264dfca5b8c21bd5bfe2e3303ce1fb201fdf08a8"
  integrity sha512-I4uXIg9xkL2Heotf1+7CyGcHQskdtMSH0B5mSV0TL3w7WI2qpnzrpKuP2Kq6DHZN6Xrsg4ORFNJSjLxq/s9cUQ==
  dependencies:
    tslib "^2.1.0"

"@fluentui/style-utilities@^8.9.20":
  version "8.9.20"
  resolved "https://registry.npmjs.org/@fluentui/style-utilities/-/style-utilities-8.9.20.tgz#f1ba5911bcf6b9a888f6c8cc6b574e36e2429050"
  integrity sha512-oj0ghn21DnqCardlcEp+zob3IEAfA/Z7ZjzuYqlHuPUItwRqGmpr1wErssRC4R1kHsH6gq9ALxVgMa4/FvdzGg==
  dependencies:
    "@fluentui/merge-styles" "^8.5.13"
    "@fluentui/set-version" "^8.2.12"
    "@fluentui/theme" "^2.6.38"
    "@fluentui/utilities" "^8.13.21"
    "@microsoft/load-themed-styles" "^1.10.26"
    tslib "^2.1.0"

"@fluentui/theme@^2.6.38":
  version "2.6.38"
  resolved "https://registry.npmjs.org/@fluentui/theme/-/theme-2.6.38.tgz#fea50ad6f1636efbaf5eebf9214806b82fa7aa6b"
  integrity sha512-LObK/mZOQFb3aTcDlKBSLpPV0BOp5BOuNqg0Wps51b1RlisI6oS3STmw3BkcAe6jOi/p4cgLpwHMkYHh2o8PmQ==
  dependencies:
    "@fluentui/merge-styles" "^8.5.13"
    "@fluentui/set-version" "^8.2.12"
    "@fluentui/utilities" "^8.13.21"
    tslib "^2.1.0"

"@fluentui/utilities@^8.13.21":
  version "8.13.21"
  resolved "https://registry.npmjs.org/@fluentui/utilities/-/utilities-8.13.21.tgz#0f2c5ae0969f37193e5d7db0210f26fb60792725"
  integrity sha512-YPWsRAL1jgbPxf+wAY8p6LjIG4em0NReqgU8ZCFnQx9wpQbe/ZRjQcaU06pD1tYtRGvyCutwhnWDaQHDw843Xg==
  dependencies:
    "@fluentui/dom-utilities" "^2.2.12"
    "@fluentui/merge-styles" "^8.5.13"
    "@fluentui/set-version" "^8.2.12"
    tslib "^2.1.0"

"@microsoft/load-themed-styles@^1.10.26":
  version "1.10.295"
  resolved "https://registry.npmjs.org/@microsoft/load-themed-styles/-/load-themed-styles-1.10.295.tgz#d3c8d7ab186f422727ba112d6ebe5fe8e41051d9"
  integrity sha512-W+IzEBw8a6LOOfRJM02dTT7BDZijxm+Z7lhtOAz1+y9vQm1Kdz9jlAO+qCEKsfxtUOmKilW8DIRqFw2aUgKeGg==

"@swc/helpers@^0.5.1":
  version "0.5.3"
  resolved "https://registry.npmjs.org/@swc/helpers/-/helpers-0.5.3.tgz#98c6da1e196f5f08f977658b80d6bd941b5f294f"
  integrity sha512-FaruWX6KdudYloq1AHD/4nU+UsMTdNE8CKyrseXWEcgjDAbvkwJg2QGPAnfIJLIWsjZOSPLOAykK6fuYp4vp4A==
  dependencies:
    tslib "^2.4.0"

"@types/prop-types@*":
  version "15.7.10"
  resolved "https://registry.npmjs.org/@types/prop-types/-/prop-types-15.7.10.tgz#892afc9332c4d62a5ea7e897fe48ed2085bbb08a"
  integrity sha512-mxSnDQxPqsZxmeShFH+uwQ4kO4gcJcGahjjMFeLbKE95IAZiiZyiEepGZjtXJ7hN/yfu0bu9xN2ajcU0JcxX6A==

"@types/react-dom@^18.2.15":
  version "18.2.15"
  resolved "https://registry.npmjs.org/@types/react-dom/-/react-dom-18.2.15.tgz#921af67f9ee023ac37ea84b1bc0cc40b898ea522"
  integrity sha512-HWMdW+7r7MR5+PZqJF6YFNSCtjz1T0dsvo/f1BV6HkV+6erD/nA7wd9NM00KVG83zf2nJ7uATPO9ttdIPvi3gg==
  dependencies:
    "@types/react" "*"

"@types/react@*", "@types/react@^18.2.37":
  version "18.2.37"
  resolved "https://registry.npmjs.org/@types/react/-/react-18.2.37.tgz#0f03af69e463c0f19a356c2660dbca5d19c44cae"
  integrity sha512-RGAYMi2bhRgEXT3f4B92WTohopH6bIXw05FuGlmJEnv/omEn190+QYEIYxIAuIBdKgboYYdVved2p1AxZVQnaw==
  dependencies:
    "@types/prop-types" "*"
    "@types/scheduler" "*"
    csstype "^3.0.2"

"@types/scheduler@*":
  version "0.16.6"
  resolved "https://registry.npmjs.org/@types/scheduler/-/scheduler-0.16.6.tgz#eb26db6780c513de59bee0b869ef289ad3068711"
  integrity sha512-Vlktnchmkylvc9SnwwwozTv04L/e1NykF5vgoQ0XTmI8DD+wxfjQuHuvHS3p0r2jz2x2ghPs2h1FVeDirIteWA==

csstype@^3.0.2:
  version "3.1.2"
  resolved "https://registry.npmjs.org/csstype/-/csstype-3.1.2.tgz#1d4bf9d572f11c14031f0436e1c10bc1f571f50b"
  integrity sha512-I7K1Uu0MBPzaFKg4nI5Q7Vs2t+3gWWW648spaF+Rg7pI9ds18Ugn+lvg4SHczUdKlHI5LWBXyqfS8+DufyBsgQ==

"js-tokens@^3.0.0 || ^4.0.0":
  version "4.0.0"
  resolved "https://registry.npmjs.org/js-tokens/-/js-tokens-4.0.0.tgz#19203fb59991df98e3a287050d4647cdeaf32499"
  integrity sha512-RdJUflcE3cUzKiMqQgsCu06FPu9UdIJO0beYbPhHN4k6apgJtifcoCtT9bcxOpYBtpD2kCM6Sbzg4CausW/PKQ==

loose-envify@^1.1.0:
  version "1.4.0"
  resolved "https://registry.npmjs.org/loose-envify/-/loose-envify-1.4.0.tgz#71ee51fa7be4caec1a63839f7e682d8132d30caf"
  integrity sha512-lyuxPGr/Wfhrlem2CL/UcnUc1zcqKAImBDzukY7Y5F/yQiNdko6+fRLevlw1HgMySw7f611UIY408EtxRSoK3Q==
  dependencies:
    js-tokens "^3.0.0 || ^4.0.0"

react-dom@^18.2.0:
  version "18.2.0"
  resolved "https://registry.npmjs.org/react-dom/-/react-dom-18.2.0.tgz#22aaf38708db2674ed9ada224ca4aa708d821e3d"
  integrity sha512-6IMTriUmvsjHUjNtEDudZfuDQUoWXVxKHhlEGSk81n4YFS+r/Kl99wXiwlVXtPBtJenozv2P+hxDsw9eA7Xo6g==
  dependencies:
    loose-envify "^1.1.0"
    scheduler "^0.23.0"

react@^18.2.0:
  version "18.2.0"
  resolved "https://registry.npmjs.org/react/-/react-18.2.0.tgz#555bd98592883255fa00de14f1151a917b5d77d5"
  integrity sha512-/3IjMdb2L9QbBdWiW5e3P2/npwMBaU9mHCSCUzNln0ZCYbcfTsGbTJrU/kGemdH2IWmB2ioZ+zkxtmq6g09fGQ==
  dependencies:
    loose-envify "^1.1.0"

scheduler@^0.23.0:
  version "0.23.0"
  resolved "https://registry.npmjs.org/scheduler/-/scheduler-0.23.0.tgz#ba8041afc3d30eb206a487b6b384002e4e61fdfe"
  integrity sha512-CtuThmgHNg7zIZWAXi3AsyIzA3n4xx7aNyjwC2VJldO2LMVDhFK+63xGqq6CsJH4rTAt6/M+N4GhZiDYPx9eUw==
  dependencies:
    loose-envify "^1.1.0"

tslib@^2.1.0, tslib@^2.4.0:
  version "2.6.2"
  resolved "https://registry.npmjs.org/tslib/-/tslib-2.6.2.tgz#703ac29425e7b37cd6fd456e92404d46d1f3e4ae"
  integrity sha512-AEYxH93jGFPn/a2iVAwW87VuUIkR1FVUKB77NwMF7nBTDkDrrT/Hpt/IrCJ0QXhW27jTBDcf5ZY7w6RiqTMw2Q==
