# This file is generated by running "yarn install" inside your project.
# Manual changes might be lost - proceed with caution!

__metadata:
  version: 8
  cacheKey: 10c0

"@fluentui/date-time-utilities@npm:^8.5.14":
  version: 8.5.14
  resolution: "@fluentui/date-time-utilities@npm:8.5.14"
  dependencies:
    "@fluentui/set-version": "npm:^8.2.12"
    tslib: "npm:^2.1.0"
  checksum: c82ae8dd5098ea621252b8b0789ba1e7de31b3df627cf408495b9b95967f7f464d48ddd98b2684690546dc470f8d9e1f12558c3a843070570df8ae6b43c0aa2e
  languageName: node
  linkType: hard

"@fluentui/dom-utilities@npm:^2.2.12":
  version: 2.2.12
  resolution: "@fluentui/dom-utilities@npm:2.2.12"
  dependencies:
    "@fluentui/set-version": "npm:^8.2.12"
    tslib: "npm:^2.1.0"
  checksum: 572ebad3b8fa4850f0c493a22009f67d3ffdf0e365c1587f9586981896e466332c472f961b13309f85e4f4571e4c46ea2af075608c5cb828c85d0893a48b0115
  languageName: node
  linkType: hard

"@fluentui/font-icons-mdl2@npm:^8.5.26":
  version: 8.5.26
  resolution: "@fluentui/font-icons-mdl2@npm:8.5.26"
  dependencies:
    "@fluentui/set-version": "npm:^8.2.12"
    "@fluentui/style-utilities": "npm:^8.9.19"
    "@fluentui/utilities": "npm:^8.13.20"
    tslib: "npm:^2.1.0"
  checksum: 400503b66c74171a190ec181955fc658d25eab4bfb80e98215159163eddc153296d75e990aa016f8f5159b0217e2cb12c146e531b587b2e3f2f7c4ff13a7f242
  languageName: node
  linkType: hard

"@fluentui/foundation-legacy@npm:^8.2.46":
  version: 8.2.46
  resolution: "@fluentui/foundation-legacy@npm:8.2.46"
  dependencies:
    "@fluentui/merge-styles": "npm:^8.5.13"
    "@fluentui/set-version": "npm:^8.2.12"
    "@fluentui/style-utilities": "npm:^8.9.19"
    "@fluentui/utilities": "npm:^8.13.20"
    tslib: "npm:^2.1.0"
  peerDependencies:
    "@types/react": ">=16.8.0 <19.0.0"
    react: ">=16.8.0 <19.0.0"
  checksum: bdebc56ad5290d2082313a3450f73ba5c81daef32a9e7295150602713092f7bc9264bb7b32cae419f253c57c37e2dbc5f615f0b3654ceff9efe7c76091c4b434
  languageName: node
  linkType: hard

"@fluentui/keyboard-key@npm:^0.4.12":
  version: 0.4.12
  resolution: "@fluentui/keyboard-key@npm:0.4.12"
  dependencies:
    tslib: "npm:^2.1.0"
  checksum: 0d8dd7e9f59ea04d8b59587c1e46705bd4f165f04feb3fea0a5a1ecb1ca6c91896ea0fc08c1807f446bb75433da5ecd3f1676f3d2329f246137dbb8d594c3ad3
  languageName: node
  linkType: hard

"@fluentui/merge-styles@npm:^8.5.13":
  version: 8.5.13
  resolution: "@fluentui/merge-styles@npm:8.5.13"
  dependencies:
    "@fluentui/set-version": "npm:^8.2.12"
    tslib: "npm:^2.1.0"
  checksum: 3bd502ca281cdacd8768996ddaa1df22f258212618c829f8e50742bd3989f1eb90d42f22eaa22df152f1c845bfd54143c80c83fa132e5a71d780affbc2014b75
  languageName: node
  linkType: hard

"@fluentui/react-focus@npm:^8.8.33":
  version: 8.8.33
  resolution: "@fluentui/react-focus@npm:8.8.33"
  dependencies:
    "@fluentui/keyboard-key": "npm:^0.4.12"
    "@fluentui/merge-styles": "npm:^8.5.13"
    "@fluentui/set-version": "npm:^8.2.12"
    "@fluentui/style-utilities": "npm:^8.9.19"
    "@fluentui/utilities": "npm:^8.13.20"
    tslib: "npm:^2.1.0"
  peerDependencies:
    "@types/react": ">=16.8.0 <19.0.0"
    react: ">=16.8.0 <19.0.0"
  checksum: 3b8923f07ebe4dd4a9b8a1466d800043604ab410dd5e40fb6a07cf7bf469bfa97d276ad2a2083a405c08d0eb26479e11b206fc0a118b139a0032b825a06b2cd3
  languageName: node
  linkType: hard

"@fluentui/react-hooks@npm:^8.6.32":
  version: 8.6.32
  resolution: "@fluentui/react-hooks@npm:8.6.32"
  dependencies:
    "@fluentui/react-window-provider": "npm:^2.2.16"
    "@fluentui/set-version": "npm:^8.2.12"
    "@fluentui/utilities": "npm:^8.13.20"
    tslib: "npm:^2.1.0"
  peerDependencies:
    "@types/react": ">=16.8.0 <19.0.0"
    react: ">=16.8.0 <19.0.0"
  checksum: a6dff463b9c2a446e683b3ef677edf7771419e676fcc8b56916404b7689f892b30b92d6e29913677ddfe1f82e2d992d8f9d0b5c6a97d88d33a23d72e06602535
  languageName: node
  linkType: hard

"@fluentui/react-portal-compat-context@npm:^9.0.9":
  version: 9.0.9
  resolution: "@fluentui/react-portal-compat-context@npm:9.0.9"
  dependencies:
    "@swc/helpers": "npm:^0.5.1"
  peerDependencies:
    "@types/react": ">=16.14.0 <19.0.0"
    react: ">=16.14.0 <19.0.0"
  checksum: 6276ce16c9608c4e7d62754aa8966d68c01d1e83a93fcbed33e160fcf7610cb773c4976e21b44c024e105c62f5d0a56c1236850d0af6a1e338f608c71717e7e0
  languageName: node
  linkType: hard

"@fluentui/react-window-provider@npm:^2.2.16":
  version: 2.2.16
  resolution: "@fluentui/react-window-provider@npm:2.2.16"
  dependencies:
    "@fluentui/set-version": "npm:^8.2.12"
    tslib: "npm:^2.1.0"
  peerDependencies:
    "@types/react": ">=16.8.0 <19.0.0"
    react: ">=16.8.0 <19.0.0"
  checksum: 17cc44e920f2a9c55d7d6ca8ff4aef9ec39460cbc6e03751809769c69b4b6bb85c148d78affa3036bdf7139022b2d1c08e7882dc38c525e7dd65aac2367806e7
  languageName: node
  linkType: hard

"@fluentui/react@npm:^8.55.3":
  version: 8.112.5
  resolution: "@fluentui/react@npm:8.112.5"
  dependencies:
    "@fluentui/date-time-utilities": "npm:^8.5.14"
    "@fluentui/font-icons-mdl2": "npm:^8.5.26"
    "@fluentui/foundation-legacy": "npm:^8.2.46"
    "@fluentui/merge-styles": "npm:^8.5.13"
    "@fluentui/react-focus": "npm:^8.8.33"
    "@fluentui/react-hooks": "npm:^8.6.32"
    "@fluentui/react-portal-compat-context": "npm:^9.0.9"
    "@fluentui/react-window-provider": "npm:^2.2.16"
    "@fluentui/set-version": "npm:^8.2.12"
    "@fluentui/style-utilities": "npm:^8.9.19"
    "@fluentui/theme": "npm:^2.6.37"
    "@fluentui/utilities": "npm:^8.13.20"
    "@microsoft/load-themed-styles": "npm:^1.10.26"
    tslib: "npm:^2.1.0"
  peerDependencies:
    "@types/react": ">=16.8.0 <19.0.0"
    "@types/react-dom": ">=16.8.0 <19.0.0"
    react: ">=16.8.0 <19.0.0"
    react-dom: ">=16.8.0 <19.0.0"
  checksum: e59f491eaf8ec9551182851ba9e911804d2b1b0fd3cda7f69621c886eaf37e61056fe4913d69e09894c23e6d9951f6892183b853b21e02c588be70ef3a704978
  languageName: node
  linkType: hard

"@fluentui/set-version@npm:^8.2.12":
  version: 8.2.12
  resolution: "@fluentui/set-version@npm:8.2.12"
  dependencies:
    tslib: "npm:^2.1.0"
  checksum: d661c673d59dcd9069febf7fc6789dd9255b5a919eb332c94e0901803e1b44c99633b644c387d1ba400361c88e7abf65f6780111b187aefff2dc8c2b4939cf5d
  languageName: node
  linkType: hard

"@fluentui/style-utilities@npm:^8.9.19":
  version: 8.9.19
  resolution: "@fluentui/style-utilities@npm:8.9.19"
  dependencies:
    "@fluentui/merge-styles": "npm:^8.5.13"
    "@fluentui/set-version": "npm:^8.2.12"
    "@fluentui/theme": "npm:^2.6.37"
    "@fluentui/utilities": "npm:^8.13.20"
    "@microsoft/load-themed-styles": "npm:^1.10.26"
    tslib: "npm:^2.1.0"
  checksum: 79e053043bbe7f8d4c4e617e8b4f80b45f0ab323053cfc2b44fecbcb3b478cc741aba27b49e1671484f9d92b56d0499b785ae7f7c383c3e764dc1a499de063cf
  languageName: node
  linkType: hard

"@fluentui/theme@npm:^2.6.37":
  version: 2.6.37
  resolution: "@fluentui/theme@npm:2.6.37"
  dependencies:
    "@fluentui/merge-styles": "npm:^8.5.13"
    "@fluentui/set-version": "npm:^8.2.12"
    "@fluentui/utilities": "npm:^8.13.20"
    tslib: "npm:^2.1.0"
  peerDependencies:
    "@types/react": ">=16.8.0 <19.0.0"
    react: ">=16.8.0 <19.0.0"
  checksum: cc52a7b9d334b76c18f016b01a9cda1d523509fe79780812b556c73c00ced7241e7e59ce2125952cbee01fa0b55a77696def6969d0237c6ee6807b5964d24a81
  languageName: node
  linkType: hard

"@fluentui/utilities@npm:^8.13.20":
  version: 8.13.20
  resolution: "@fluentui/utilities@npm:8.13.20"
  dependencies:
    "@fluentui/dom-utilities": "npm:^2.2.12"
    "@fluentui/merge-styles": "npm:^8.5.13"
    "@fluentui/set-version": "npm:^8.2.12"
    tslib: "npm:^2.1.0"
  peerDependencies:
    "@types/react": ">=16.8.0 <19.0.0"
    react: ">=16.8.0 <19.0.0"
  checksum: dfda90efc78bdb82fc780d86c9e008224edf6ff86adc6622f59b9459ee874fb7780483cd1049163e7ced0780b4e578a0841f6f8eb05e651ae12d8faf40561c68
  languageName: node
  linkType: hard

"@microsoft/load-themed-styles@npm:^1.10.26":
  version: 1.10.295
  resolution: "@microsoft/load-themed-styles@npm:1.10.295"
  checksum: a58222292f793b5b2346065f5b2ca7649320c4007cf6d931e354608d952d8cb053f11e6a6a6151e7ab5c9a809ad4c3899d4f3ebbd3cdcc3f33919676f53a81e9
  languageName: node
  linkType: hard

"@swc/helpers@npm:^0.5.1":
  version: 0.5.3
  resolution: "@swc/helpers@npm:0.5.3"
  dependencies:
    tslib: "npm:^2.4.0"
  checksum: 7003b9dafad38e27a4474a3dcf78d2aee85ce4bb7ee171ecc2d5b533768fb4f8fc9dbd6a1c3a9df5f8001e61ff416b93681e0a7dcbdc0df109b3e09c50cd4615
  languageName: node
  linkType: hard

"@types/prop-types@npm:*":
  version: 15.7.9
  resolution: "@types/prop-types@npm:15.7.9"
  checksum: e2a7373b91a8eb30cb4e399ef5b3a14baa7d72eed1667ef5e3cb1e9400edfca9b60c20b845fefdcf7562773829f6ff60ba350b09f6313a8093e70c15b2b88f00
  languageName: node
  linkType: hard

"@types/react-dom@npm:^16.9.10":
  version: 16.9.21
  resolution: "@types/react-dom@npm:16.9.21"
  dependencies:
    "@types/react": "npm:^16"
  checksum: d2a83498f2f6dfe9bc3fd931f808339774b9fffba92e3884babb896eca899d558d523ab958858a4cfc6262fea2ce6e3cc870f30655c8b621e8f8b1776682cf1c
  languageName: node
  linkType: hard

"@types/react@npm:^16, @types/react@npm:^16.9.56":
  version: 16.14.50
  resolution: "@types/react@npm:16.14.50"
  dependencies:
    "@types/prop-types": "npm:*"
    "@types/scheduler": "npm:*"
    csstype: "npm:^3.0.2"
  checksum: 41dd6df98a539d52eb3cf7152f644bd8ea724a9341e85686986f814ff8b39186fa82921d9858d67101918d96a2206608d94ebb340a19afe3f4332488af02f8a1
  languageName: node
  linkType: hard

"@types/scheduler@npm:*":
  version: 0.16.5
  resolution: "@types/scheduler@npm:0.16.5"
  checksum: 625b63cd5dcaf6fb88fe03aa7c797f28cb121f03584126d4811b2d03f39bc3e238ce52cf7685ad8adfe8445d679934e6be47347723a6771ca2058c01f0c33760
  languageName: node
  linkType: hard

"@yarn-example/pkg-a@workspace:packages/pkg-a":
  version: 0.0.0-use.local
  resolution: "@yarn-example/pkg-a@workspace:packages/pkg-a"
  dependencies:
    "@fluentui/react": "npm:^8.55.3"
    "@types/react": "npm:^16.9.56"
    "@types/react-dom": "npm:^16.9.10"
    react: "npm:~16.11.0"
    react-dom: "npm:~16.11.0"
    tslib: "npm:^2.3.1"
    typescript: "npm:^4.5.2"
  languageName: unknown
  linkType: soft

"@yarn-example/pkg-b@workspace:packages/pkg-b":
  version: 0.0.0-use.local
  resolution: "@yarn-example/pkg-b@workspace:packages/pkg-b"
  languageName: unknown
  linkType: soft

"@yarn-example/pkg-c@workspace:packages/pkg-c":
  version: 0.0.0-use.local
  resolution: "@yarn-example/pkg-c@workspace:packages/pkg-c"
  languageName: unknown
  linkType: soft

"@yarn-example/pkg-d@workspace:packages/pkg-d":
  version: 0.0.0-use.local
  resolution: "@yarn-example/pkg-d@workspace:packages/pkg-d"
  languageName: unknown
  linkType: soft

"@yarn-example/pkg-e@workspace:packages/pkg-e":
  version: 0.0.0-use.local
  resolution: "@yarn-example/pkg-e@workspace:packages/pkg-e"
  languageName: unknown
  linkType: soft

"@yarn-example/pkg-f@workspace:packages/pkg-f":
  version: 0.0.0-use.local
  resolution: "@yarn-example/pkg-f@workspace:packages/pkg-f"
  languageName: unknown
  linkType: soft

"@yarn-example/pkg-g@workspace:packages/pkg-g":
  version: 0.0.0-use.local
  resolution: "@yarn-example/pkg-g@workspace:packages/pkg-g"
  languageName: unknown
  linkType: soft

"@yarn-example/pkg-h@workspace:packages/pkg-h":
  version: 0.0.0-use.local
  resolution: "@yarn-example/pkg-h@workspace:packages/pkg-h"
  languageName: unknown
  linkType: soft

"csstype@npm:^3.0.2":
  version: 3.1.2
  resolution: "csstype@npm:3.1.2"
  checksum: 32c038af259897c807ac738d9eab16b3d86747c72b09d5c740978e06f067f9b7b1737e1b75e407c7ab1fe1543dc95f20e202b4786aeb1b8d3bdf5d5ce655e6c6
  languageName: node
  linkType: hard

"js-tokens@npm:^3.0.0 || ^4.0.0":
  version: 4.0.0
  resolution: "js-tokens@npm:4.0.0"
  checksum: e248708d377aa058eacf2037b07ded847790e6de892bbad3dac0abba2e759cb9f121b00099a65195616badcb6eca8d14d975cb3e89eb1cfda644756402c8aeed
  languageName: node
  linkType: hard

"loose-envify@npm:^1.1.0, loose-envify@npm:^1.4.0":
  version: 1.4.0
  resolution: "loose-envify@npm:1.4.0"
  dependencies:
    js-tokens: "npm:^3.0.0 || ^4.0.0"
  bin:
    loose-envify: cli.js
  checksum: 655d110220983c1a4b9c0c679a2e8016d4b67f6e9c7b5435ff5979ecdb20d0813f4dec0a08674fcbdd4846a3f07edbb50a36811fd37930b94aaa0d9daceb017e
  languageName: node
  linkType: hard

"object-assign@npm:^4.1.1":
  version: 4.1.1
  resolution: "object-assign@npm:4.1.1"
  checksum: 1f4df9945120325d041ccf7b86f31e8bcc14e73d29171e37a7903050e96b81323784ec59f93f102ec635bcf6fa8034ba3ea0a8c7e69fa202b87ae3b6cec5a414
  languageName: node
  linkType: hard

"prop-types@npm:^15.6.2":
  version: 15.8.1
  resolution: "prop-types@npm:15.8.1"
  dependencies:
    loose-envify: "npm:^1.4.0"
    object-assign: "npm:^4.1.1"
    react-is: "npm:^16.13.1"
  checksum: 59ece7ca2fb9838031d73a48d4becb9a7cc1ed10e610517c7d8f19a1e02fa47f7c27d557d8a5702bec3cfeccddc853579832b43f449e54635803f277b1c78077
  languageName: node
  linkType: hard

"react-dom@npm:~16.11.0":
  version: 16.11.0
  resolution: "react-dom@npm:16.11.0"
  dependencies:
    loose-envify: "npm:^1.1.0"
    object-assign: "npm:^4.1.1"
    prop-types: "npm:^15.6.2"
    scheduler: "npm:^0.17.0"
  peerDependencies:
    react: ^16.0.0
  checksum: bddea7a85cda74b3dba0771893b34a59b3f22bba1ffbb9b7e3fd433d0e32780b31f5d14d71445d8e0277a18400266e4637d32a6c834c5a52779d00b0102fba1d
  languageName: node
  linkType: hard

"react-is@npm:^16.13.1":
  version: 16.13.1
  resolution: "react-is@npm:16.13.1"
  checksum: 33977da7a5f1a287936a0c85639fec6ca74f4f15ef1e59a6bc20338fc73dc69555381e211f7a3529b8150a1f71e4225525b41b60b52965bda53ce7d47377ada1
  languageName: node
  linkType: hard

"react@npm:~16.11.0":
  version: 16.11.0
  resolution: "react@npm:16.11.0"
  dependencies:
    loose-envify: "npm:^1.1.0"
    object-assign: "npm:^4.1.1"
    prop-types: "npm:^15.6.2"
  checksum: d8e1c1fa23714408627cac2f2160f5f3f9244b27dfe7005bcf2bc4db88d4f7db4922c17829d886bf66c0050f1fa3ace96b81ace361582628e359a32c95323152
  languageName: node
  linkType: hard

"scheduler@npm:^0.17.0":
  version: 0.17.0
  resolution: "scheduler@npm:0.17.0"
  dependencies:
    loose-envify: "npm:^1.1.0"
    object-assign: "npm:^4.1.1"
  checksum: 662a665a471ea93f6eddd64fa426c3ac78014e4ebe4ee248d444eb5f7448d99a72695ec45ec2faea76c034cc307843fd1e438552d2f9cb02efe38440fb3d5636
  languageName: node
  linkType: hard

"tslib@npm:^2.1.0, tslib@npm:^2.3.1, tslib@npm:^2.4.0":
  version: 2.6.2
  resolution: "tslib@npm:2.6.2"
  checksum: e03a8a4271152c8b26604ed45535954c0a45296e32445b4b87f8a5abdb2421f40b59b4ca437c4346af0f28179780d604094eb64546bee2019d903d01c6c19bdb
  languageName: node
  linkType: hard

"typescript@npm:^4.5.2":
  version: 4.9.5
  resolution: "typescript@npm:4.9.5"
  bin:
    tsc: bin/tsc
    tsserver: bin/tsserver
  checksum: 5f6cad2e728a8a063521328e612d7876e12f0d8a8390d3b3aaa452a6a65e24e9ac8ea22beb72a924fd96ea0a49ea63bb4e251fb922b12eedfb7f7a26475e5c56
  languageName: node
  linkType: hard

"typescript@patch:typescript@npm%3A^4.5.2#optional!builtin<compat/typescript>":
  version: 4.9.5
  resolution: "typescript@patch:typescript@npm%3A4.9.5#optional!builtin<compat/typescript>::version=4.9.5&hash=289587"
  bin:
    tsc: bin/tsc
    tsserver: bin/tsserver
  checksum: e3333f887c6829dfe0ab6c1dbe0dd1e3e2aeb56c66460cb85c5440c566f900c833d370ca34eb47558c0c69e78ced4bfe09b8f4f98b6de7afed9b84b8d1dd06a1
  languageName: node
  linkType: hard

"yarn-v4-example@workspace:.":
  version: 0.0.0-use.local
  resolution: "yarn-v4-example@workspace:."
  languageName: unknown
  linkType: soft
