{
  "name": ".",
  "lockfileVersion": 3,
  "requires": true,
  "packages": {
    "": {
      "name": ".",
      "workspaces": [
        "packages/*"
      ]
    },
    "node_modules/@fluentui/date-time-utilities": {
      "version": "8.5.14",
      "resolved": "https://registry.npmjs.org/@fluentui/date-time-utilities/-/date-time-utilities-8.5.14.tgz",
      "integrity": "sha512-Kc64ZBj0WiaSW/Bsh4fMy9oM2FIk1TgIqBV6+OgOtdKx9cXwLdmgGk8zuQTcuRnwv5WCk2M6wvW1M+eK3sNRGA==",
      "dependencies": {
        "@fluentui/set-version": "^8.2.12",
        "tslib": "^2.1.0"
      }
    },
    "node_modules/@fluentui/dom-utilities": {
      "version": "2.2.12",
      "resolved": "https://registry.npmjs.org/@fluentui/dom-utilities/-/dom-utilities-2.2.12.tgz",
      "integrity": "sha512-safCKQPJTnshYG13/U2Zx1KWhOhU4vl5RAKqW7HEBfLOHds/fAR+EzTvKgO6OgxJq59JAKJvpH2QujkLXZZQ3A==",
      "dependencies": {
        "@fluentui/set-version": "^8.2.12",
        "tslib": "^2.1.0"
      }
    },
    "node_modules/@fluentui/font-icons-mdl2": {
      "version": "8.5.27",
      "resolved": "https://registry.npmjs.org/@fluentui/font-icons-mdl2/-/font-icons-mdl2-8.5.27.tgz",
      "integrity": "sha512-u6J9SmdWsr3WjC7zog930IWWySA+mxLfIqfyux9oATJQPUs+76juYYbolDTJTvndVEmb+piA7qBhEubUoaXJjQ==",
      "dependencies": {
        "@fluentui/set-version": "^8.2.12",
        "@fluentui/style-utilities": "^8.9.20",
        "@fluentui/utilities": "^8.13.21",
        "tslib": "^2.1.0"
      }
    },
    "node_modules/@fluentui/foundation-legacy": {
      "version": "8.2.47",
      "resolved": "https://registry.npmjs.org/@fluentui/foundation-legacy/-/foundation-legacy-8.2.47.tgz",
      "integrity": "sha512-El/8/makZh2fqd2YdLSTy3T2oJ3N6WCsPzkud9CdMF98Oby0jny4EAtzjBNRbAwL4/gppOYIIchVuzRL4V2rcw==",
      "dependencies": {
        "@fluentui/merge-styles": "^8.5.13",
        "@fluentui/set-version": "^8.2.12",
        "@fluentui/style-utilities": "^8.9.20",
        "@fluentui/utilities": "^8.13.21",
        "tslib": "^2.1.0"
      },
      "peerDependencies": {
        "@types/react": ">=16.8.0 <19.0.0",
        "react": ">=16.8.0 <19.0.0"
      }
    },
    "node_modules/@fluentui/keyboard-key": {
      "version": "0.4.12",
      "resolved": "https://registry.npmjs.org/@fluentui/keyboard-key/-/keyboard-key-0.4.12.tgz",
      "integrity": "sha512-9nPglM58ThbOEQ88KijdYl64hiTAQQ0o60HRc0vboibmr41mJ322FoBz5Q5S5QLIEbBZajrAkrDMs3PKW4CCSw==",
      "dependencies": {
        "tslib": "^2.1.0"
      }
    },
    "node_modules/@fluentui/merge-styles": {
      "version": "8.5.13",
      "resolved": "https://registry.npmjs.org/@fluentui/merge-styles/-/merge-styles-8.5.13.tgz",
      "integrity": "sha512-ocgwNlQcQwn5mNlZKFazrFVbYDEQ6BptoW4GyEv6U5TEHE8HKKYuPRf340NXCRGiacSpz3vLkyDjp+L431qUXg==",
      "dependencies": {
        "@fluentui/set-version": "^8.2.12",
        "tslib": "^2.1.0"
      }
    },
    "node_modules/@fluentui/react": {
      "version": "8.112.8",
      "resolved": "https://registry.npmjs.org/@fluentui/react/-/react-8.112.8.tgz",
      "integrity": "sha512-dKbt1t++aKJ9PmZrui1+RYGTXeTBQOxuloxpa+cVaMCcUwlxrAyp4S+xsLD0Pe1vyv37DkTbnTDl59+KKIe+CA==",
      "dependencies": {
        "@fluentui/date-time-utilities": "^8.5.14",
        "@fluentui/font-icons-mdl2": "^8.5.27",
        "@fluentui/foundation-legacy": "^8.2.47",
        "@fluentui/merge-styles": "^8.5.13",
        "@fluentui/react-focus": "^8.8.34",
        "@fluentui/react-hooks": "^8.6.33",
        "@fluentui/react-portal-compat-context": "^9.0.9",
        "@fluentui/react-window-provider": "^2.2.16",
        "@fluentui/set-version": "^8.2.12",
        "@fluentui/style-utilities": "^8.9.20",
        "@fluentui/theme": "^2.6.38",
        "@fluentui/utilities": "^8.13.21",
        "@microsoft/load-themed-styles": "^1.10.26",
        "tslib": "^2.1.0"
      },
      "peerDependencies": {
        "@types/react": ">=16.8.0 <19.0.0",
        "@types/react-dom": ">=16.8.0 <19.0.0",
        "react": ">=16.8.0 <19.0.0",
        "react-dom": ">=16.8.0 <19.0.0"
      }
    },
    "node_modules/@fluentui/react-focus": {
      "version": "8.8.34",
      "resolved": "https://registry.npmjs.org/@fluentui/react-focus/-/react-focus-8.8.34.tgz",
      "integrity": "sha512-GNi8MqQRdoIaYpiz5kWIQaX1mNzFz3X+UShezA3gohrXnkONUvrPBuFDyYgQXoqk67juEZ+oGxl2PpKjz08HCA==",
      "dependencies": {
        "@fluentui/keyboard-key": "^0.4.12",
        "@fluentui/merge-styles": "^8.5.13",
        "@fluentui/set-version": "^8.2.12",
        "@fluentui/style-utilities": "^8.9.20",
        "@fluentui/utilities": "^8.13.21",
        "tslib": "^2.1.0"
      },
      "peerDependencies": {
        "@types/react": ">=16.8.0 <19.0.0",
        "react": ">=16.8.0 <19.0.0"
      }
    },
    "node_modules/@fluentui/react-hooks": {
      "version": "8.6.33",
      "resolved": "https://registry.npmjs.org/@fluentui/react-hooks/-/react-hooks-8.6.33.tgz",
      "integrity": "sha512-3P9RA34QhhjFwHwCvfOqMDgCwvks4hgMsEGvQVTdrcya4uskxBx4FqCLzoMxkXcAJjJCiTJmPx/mZQqQpgoyoA==",
      "dependencies": {
        "@fluentui/react-window-provider": "^2.2.16",
        "@fluentui/set-version": "^8.2.12",
        "@fluentui/utilities": "^8.13.21",
        "tslib": "^2.1.0"
      },
      "peerDependencies": {
        "@types/react": ">=16.8.0 <19.0.0",
        "react": ">=16.8.0 <19.0.0"
      }
    },
    "node_modules/@fluentui/react-portal-compat-context": {
      "version": "9.0.10",
      "resolved": "https://registry.npmjs.org/@fluentui/react-portal-compat-context/-/react-portal-compat-context-9.0.10.tgz",
      "integrity": "sha512-l38C+tGb76yyFQ9sxUrY8DDyp2hoYru3pISFivPitFgkP6nqlnZPNd8yPE48RuVWjMhTKQ/1uCdE6ymBH9wBZQ==",
      "dependencies": {
        "@swc/helpers": "^0.5.1"
      },
      "peerDependencies": {
        "@types/react": ">=16.14.0 <19.0.0",
        "react": ">=16.14.0 <19.0.0"
      }
    },
    "node_modules/@fluentui/react-window-provider": {
      "version": "2.2.16",
      "resolved": "https://registry.npmjs.org/@fluentui/react-window-provider/-/react-window-provider-2.2.16.tgz",
      "integrity": "sha512-4gkUMSAUjo3cgCGt+0VvTbMy9qbF6zo/cmmfYtfqbSFtXz16lKixSCMIf66gXdKjovqRGVFC/XibqfrXM2QLuw==",
      "dependencies": {
        "@fluentui/set-version": "^8.2.12",
        "tslib": "^2.1.0"
      },
      "peerDependencies": {
        "@types/react": ">=16.8.0 <19.0.0",
        "react": ">=16.8.0 <19.0.0"
      }
    },
    "node_modules/@fluentui/set-version": {
      "version": "8.2.12",
      "resolved": "https://registry.npmjs.org/@fluentui/set-version/-/set-version-8.2.12.tgz",
      "integrity": "sha512-I4uXIg9xkL2Heotf1+7CyGcHQskdtMSH0B5mSV0TL3w7WI2qpnzrpKuP2Kq6DHZN6Xrsg4ORFNJSjLxq/s9cUQ==",
      "dependencies": {
        "tslib": "^2.1.0"
      }
    },
    "node_modules/@fluentui/style-utilities": {
      "version": "8.9.20",
      "resolved": "https://registry.npmjs.org/@fluentui/style-utilities/-/style-utilities-8.9.20.tgz",
      "integrity": "sha512-oj0ghn21DnqCardlcEp+zob3IEAfA/Z7ZjzuYqlHuPUItwRqGmpr1wErssRC4R1kHsH6gq9ALxVgMa4/FvdzGg==",
      "dependencies": {
        "@fluentui/merge-styles": "^8.5.13",
        "@fluentui/set-version": "^8.2.12",
        "@fluentui/theme": "^2.6.38",
        "@fluentui/utilities": "^8.13.21",
        "@microsoft/load-themed-styles": "^1.10.26",
        "tslib": "^2.1.0"
      }
    },
    "node_modules/@fluentui/theme": {
      "version": "2.6.38",
      "resolved": "https://registry.npmjs.org/@fluentui/theme/-/theme-2.6.38.tgz",
      "integrity": "sha512-LObK/mZOQFb3aTcDlKBSLpPV0BOp5BOuNqg0Wps51b1RlisI6oS3STmw3BkcAe6jOi/p4cgLpwHMkYHh2o8PmQ==",
      "dependencies": {
        "@fluentui/merge-styles": "^8.5.13",
        "@fluentui/set-version": "^8.2.12",
        "@fluentui/utilities": "^8.13.21",
        "tslib": "^2.1.0"
      },
      "peerDependencies": {
        "@types/react": ">=16.8.0 <19.0.0",
        "react": ">=16.8.0 <19.0.0"
      }
    },
    "node_modules/@fluentui/utilities": {
      "version": "8.13.21",
      "resolved": "https://registry.npmjs.org/@fluentui/utilities/-/utilities-8.13.21.tgz",
      "integrity": "sha512-YPWsRAL1jgbPxf+wAY8p6LjIG4em0NReqgU8ZCFnQx9wpQbe/ZRjQcaU06pD1tYtRGvyCutwhnWDaQHDw843Xg==",
      "dependencies": {
        "@fluentui/dom-utilities": "^2.2.12",
        "@fluentui/merge-styles": "^8.5.13",
        "@fluentui/set-version": "^8.2.12",
        "tslib": "^2.1.0"
      },
      "peerDependencies": {
        "@types/react": ">=16.8.0 <19.0.0",
        "react": ">=16.8.0 <19.0.0"
      }
    },
    "node_modules/@foo/deep-trams-cry": {
      "resolved": "packages/deep-trams-cry",
      "link": true
    },
    "node_modules/@foo/fifty-deer-sin": {
      "resolved": "packages/fifty-deer-sin",
      "link": true
    },
    "node_modules/@foo/fine-animals-run": {
      "resolved": "packages/fine-animals-run",
      "link": true
    },
    "node_modules/@foo/funny-dogs-fetch": {
      "resolved": "packages/funny-dogs-fetch",
      "link": true
    },
    "node_modules/@foo/kind-llamas-thank": {
      "resolved": "packages/kind-llamas-thank",
      "link": true
    },
    "node_modules/@microsoft/load-themed-styles": {
      "version": "1.10.295",
      "resolved": "https://registry.npmjs.org/@microsoft/load-themed-styles/-/load-themed-styles-1.10.295.tgz",
      "integrity": "sha512-W+IzEBw8a6LOOfRJM02dTT7BDZijxm+Z7lhtOAz1+y9vQm1Kdz9jlAO+qCEKsfxtUOmKilW8DIRqFw2aUgKeGg=="
    },
    "node_modules/@swc/helpers": {
      "version": "0.5.3",
      "resolved": "https://registry.npmjs.org/@swc/helpers/-/helpers-0.5.3.tgz",
      "integrity": "sha512-FaruWX6KdudYloq1AHD/4nU+UsMTdNE8CKyrseXWEcgjDAbvkwJg2QGPAnfIJLIWsjZOSPLOAykK6fuYp4vp4A==",
      "dependencies": {
        "tslib": "^2.4.0"
      }
    },
    "node_modules/@types/prop-types": {
      "version": "15.7.10",
      "resolved": "https://registry.npmjs.org/@types/prop-types/-/prop-types-15.7.10.tgz",
      "integrity": "sha512-mxSnDQxPqsZxmeShFH+uwQ4kO4gcJcGahjjMFeLbKE95IAZiiZyiEepGZjtXJ7hN/yfu0bu9xN2ajcU0JcxX6A==",
      "peer": true
    },
    "node_modules/@types/react": {
      "version": "18.2.37",
      "resolved": "https://registry.npmjs.org/@types/react/-/react-18.2.37.tgz",
      "integrity": "sha512-RGAYMi2bhRgEXT3f4B92WTohopH6bIXw05FuGlmJEnv/omEn190+QYEIYxIAuIBdKgboYYdVved2p1AxZVQnaw==",
      "peer": true,
      "dependencies": {
        "@types/prop-types": "*",
        "@types/scheduler": "*",
        "csstype": "^3.0.2"
      }
    },
    "node_modules/@types/react-dom": {
      "version": "18.2.15",
      "resolved": "https://registry.npmjs.org/@types/react-dom/-/react-dom-18.2.15.tgz",
      "integrity": "sha512-HWMdW+7r7MR5+PZqJF6YFNSCtjz1T0dsvo/f1BV6HkV+6erD/nA7wd9NM00KVG83zf2nJ7uATPO9ttdIPvi3gg==",
      "peer": true,
      "dependencies": {
        "@types/react": "*"
      }
    },
    "node_modules/@types/scheduler": {
      "version": "0.16.6",
      "resolved": "https://registry.npmjs.org/@types/scheduler/-/scheduler-0.16.6.tgz",
      "integrity": "sha512-Vlktnchmkylvc9SnwwwozTv04L/e1NykF5vgoQ0XTmI8DD+wxfjQuHuvHS3p0r2jz2x2ghPs2h1FVeDirIteWA==",
      "peer": true
    },
    "node_modules/csstype": {
      "version": "3.1.2",
      "resolved": "https://registry.npmjs.org/csstype/-/csstype-3.1.2.tgz",
      "integrity": "sha512-I7K1Uu0MBPzaFKg4nI5Q7Vs2t+3gWWW648spaF+Rg7pI9ds18Ugn+lvg4SHczUdKlHI5LWBXyqfS8+DufyBsgQ==",
      "peer": true
    },
    "node_modules/js-tokens": {
      "version": "4.0.0",
      "resolved": "https://registry.npmjs.org/js-tokens/-/js-tokens-4.0.0.tgz",
      "integrity": "sha512-RdJUflcE3cUzKiMqQgsCu06FPu9UdIJO0beYbPhHN4k6apgJtifcoCtT9bcxOpYBtpD2kCM6Sbzg4CausW/PKQ=="
    },
    "node_modules/loose-envify": {
      "version": "1.4.0",
      "resolved": "https://registry.npmjs.org/loose-envify/-/loose-envify-1.4.0.tgz",
      "integrity": "sha512-lyuxPGr/Wfhrlem2CL/UcnUc1zcqKAImBDzukY7Y5F/yQiNdko6+fRLevlw1HgMySw7f611UIY408EtxRSoK3Q==",
      "dependencies": {
        "js-tokens": "^3.0.0 || ^4.0.0"
      },
      "bin": {
        "loose-envify": "cli.js"
      }
    },
    "node_modules/react": {
      "version": "18.2.0",
      "resolved": "https://registry.npmjs.org/react/-/react-18.2.0.tgz",
      "integrity": "sha512-/3IjMdb2L9QbBdWiW5e3P2/npwMBaU9mHCSCUzNln0ZCYbcfTsGbTJrU/kGemdH2IWmB2ioZ+zkxtmq6g09fGQ==",
      "dependencies": {
        "loose-envify": "^1.1.0"
      },
      "engines": {
        "node": ">=0.10.0"
      }
    },
    "node_modules/react-dom": {
      "version": "18.2.0",
      "resolved": "https://registry.npmjs.org/react-dom/-/react-dom-18.2.0.tgz",
      "integrity": "sha512-6IMTriUmvsjHUjNtEDudZfuDQUoWXVxKHhlEGSk81n4YFS+r/Kl99wXiwlVXtPBtJenozv2P+hxDsw9eA7Xo6g==",
      "peer": true,
      "dependencies": {
        "loose-envify": "^1.1.0",
        "scheduler": "^0.23.0"
      },
      "peerDependencies": {
        "react": "^18.2.0"
      }
    },
    "node_modules/scheduler": {
      "version": "0.23.0",
      "resolved": "https://registry.npmjs.org/scheduler/-/scheduler-0.23.0.tgz",
      "integrity": "sha512-CtuThmgHNg7zIZWAXi3AsyIzA3n4xx7aNyjwC2VJldO2LMVDhFK+63xGqq6CsJH4rTAt6/M+N4GhZiDYPx9eUw==",
      "peer": true,
      "dependencies": {
        "loose-envify": "^1.1.0"
      }
    },
    "node_modules/tslib": {
      "version": "2.6.2",
      "resolved": "https://registry.npmjs.org/tslib/-/tslib-2.6.2.tgz",
      "integrity": "sha512-AEYxH93jGFPn/a2iVAwW87VuUIkR1FVUKB77NwMF7nBTDkDrrT/Hpt/IrCJ0QXhW27jTBDcf5ZY7w6RiqTMw2Q=="
    },
    "packages/deep-trams-cry": {
      "name": "@foo/deep-trams-cry",
      "version": "0.1.0",
      "dependencies": {
        "@fluentui/react": "^8.112.8",
        "react": "^18.2.0"
      }
    },
    "packages/fifty-deer-sin": {
      "name": "@foo/fifty-deer-sin",
      "version": "0.1.0"
    },
    "packages/fine-animals-run": {
      "name": "@foo/fine-animals-run",
      "version": "0.1.0"
    },
    "packages/funny-dogs-fetch": {
      "name": "@foo/funny-dogs-fetch",
      "version": "0.1.0"
    },
    "packages/kind-llamas-thank": {
      "name": "@foo/kind-llamas-thank",
      "version": "0.1.0"
    }
  }
}
