# THIS IS AN AUTOGENERATED FILE. DO NOT EDIT THIS FILE DIRECTLY.
# yarn lockfile v1


"@fluentui/date-time-utilities@^8.3.0":
  version "8.3.0"
  resolved "https://registry.yarnpkg.com/@fluentui/date-time-utilities/-/date-time-utilities-8.3.0.tgz#a51cd59ea327b948bdb76a083d9c42d95a71c98a"
  integrity sha512-shSWwarh+ueDF22hIRL1T9bGA4epsP8QAIfYhpoK5ySr0Zg5RjqdNMM5IXzlTiXqE/LGe16CVrvyW2ksqfvQPg==
  dependencies:
    "@fluentui/set-version" "^8.1.5"
    tslib "^2.1.0"

"@fluentui/dom-utilities@^2.1.5":
  version "2.1.5"
  resolved "https://registry.yarnpkg.com/@fluentui/dom-utilities/-/dom-utilities-2.1.5.tgz#21ba77c8bfe64d15ffc16a8e055255bbb23600b2"
  integrity sha512-OLDYV5ZGIiK/JXx/DFFib4vSa7PELvznbdAujDcX2wjt3V3Lt2N5ucv59JsVxk5LlwXjasUHJI2NZadagmnM6A==
  dependencies:
    "@fluentui/set-version" "^8.1.5"
    tslib "^2.1.0"

"@fluentui/font-icons-mdl2@^8.1.24":
  version "8.1.24"
  resolved "https://registry.yarnpkg.com/@fluentui/font-icons-mdl2/-/font-icons-mdl2-8.1.24.tgz#6fc06836f949b38c4e8bf11076599dc22476576f"
  integrity sha512-FOg5ewo3uBLa2WM9kr+4UvCm/eXmMb/gk90is9Y4pi6PB1IemzVcwaLsuvEZHfm94qYOPsxate/P2wBAaOk0Qw==
  dependencies:
    "@fluentui/set-version" "^8.1.5"
    "@fluentui/style-utilities" "^8.5.6"
    tslib "^2.1.0"

"@fluentui/foundation-legacy@^8.1.23":
  version "8.1.23"
  resolved "https://registry.yarnpkg.com/@fluentui/foundation-legacy/-/foundation-legacy-8.1.23.tgz#3f4dcbd677653f45f02b83b3d42ad6ea4ad1159c"
  integrity sha512-MtQpaTPkcsYF4X7ac4exQv+87YyA9yo5uOVTwIZBpy34AVSawXSsnsyQk7CsoE2MFoBJZV37WgVb4GZ1th4A7g==
  dependencies:
    "@fluentui/merge-styles" "^8.3.0"
    "@fluentui/set-version" "^8.1.5"
    "@fluentui/style-utilities" "^8.5.6"
    "@fluentui/utilities" "^8.4.2"
    tslib "^2.1.0"

"@fluentui/keyboard-key@^0.3.5":
  version "0.3.5"
  resolved "https://registry.yarnpkg.com/@fluentui/keyboard-key/-/keyboard-key-0.3.5.tgz#af1273bbd8db3e7e08bf8ce8a303890d33d4d8b2"
  integrity sha512-qPNPnRtkC92b8Zjx3mJ6+vRX+pdmbDYcXP8zXb2NJ/briAQXYmyqdjJLUl2riVBcAC4H3cL6dTKLR9VAyqhdYQ==
  dependencies:
    tslib "^2.1.0"

"@fluentui/merge-styles@^8.3.0":
  version "8.3.0"
  resolved "https://registry.yarnpkg.com/@fluentui/merge-styles/-/merge-styles-8.3.0.tgz#e27581dd43cbe1b5d54d7325e619924883dd0fd5"
  integrity sha512-qI61vWnmSuZYopMfWbEkTuDmnedmOYmsphTwflG6zif1EPV6h5u3dDUfHnmHMahywNOLOv5MOa+zVU0SCEHSAg==
  dependencies:
    "@fluentui/set-version" "^8.1.5"
    tslib "^2.1.0"

"@fluentui/react-focus@^8.3.19":
  version "8.3.19"
  resolved "https://registry.yarnpkg.com/@fluentui/react-focus/-/react-focus-8.3.19.tgz#d024fc451160886654ac2f536e54c735884f7a94"
  integrity sha512-Jv42Vf49ykIbFRDz0EFT8DJJNIaCeuR1piwkSF3/RFkYCitiyVf/PBadgrdVA0vNygUTdue1OscuTzQlPWIClA==
  dependencies:
    "@fluentui/keyboard-key" "^0.3.5"
    "@fluentui/merge-styles" "^8.3.0"
    "@fluentui/set-version" "^8.1.5"
    "@fluentui/style-utilities" "^8.5.6"
    "@fluentui/utilities" "^8.4.2"
    tslib "^2.1.0"

"@fluentui/react-hooks@^8.3.13":
  version "8.3.13"
  resolved "https://registry.yarnpkg.com/@fluentui/react-hooks/-/react-hooks-8.3.13.tgz#d50a068dc859ae88c73a2915bec073d2069a23d8"
  integrity sha512-TeKwUBwoCBD+KeO4Mz0V7ThKRpip7W0Xr2PvmOPSmYf6MJGW3NW+77ddTeDD36xT9HjhbCI5SnK29sYm67bGJA==
  dependencies:
    "@fluentui/react-window-provider" "^2.1.6"
    "@fluentui/set-version" "^8.1.5"
    "@fluentui/utilities" "^8.4.2"
    tslib "^2.1.0"

"@fluentui/react-window-provider@^2.1.6":
  version "2.1.6"
  resolved "https://registry.yarnpkg.com/@fluentui/react-window-provider/-/react-window-provider-2.1.6.tgz#1e3d66842a6b1c724dcc3ee13d2bc0aa0d7028a8"
  integrity sha512-Fr1THmtn/Kx95/WVXI1qIELX2VHpuGYVKWSpdgbpcmKukvk30h4JG6kKMGYPz3r7UeaTzpaeIw537A9CJ2hVMg==
  dependencies:
    "@fluentui/set-version" "^8.1.5"
    tslib "^2.1.0"

"@fluentui/react@^8.55.3":
  version "8.55.3"
  resolved "https://registry.yarnpkg.com/@fluentui/react/-/react-8.55.3.tgz#d4811715631a391f18419367ec33303e926fc0a1"
  integrity sha512-NPw6AUHZcgS1mVRf3MCo0Eg7Ey77ZymLOTt2gMECKJaKnIlJcYbK5QWxxdKuIx+cNx8ilTEAJ+HJqoYEk9bWNg==
  dependencies:
    "@fluentui/date-time-utilities" "^8.3.0"
    "@fluentui/font-icons-mdl2" "^8.1.24"
    "@fluentui/foundation-legacy" "^8.1.23"
    "@fluentui/merge-styles" "^8.3.0"
    "@fluentui/react-focus" "^8.3.19"
    "@fluentui/react-hooks" "^8.3.13"
    "@fluentui/react-window-provider" "^2.1.6"
    "@fluentui/set-version" "^8.1.5"
    "@fluentui/style-utilities" "^8.5.6"
    "@fluentui/theme" "^2.4.10"
    "@fluentui/utilities" "^8.4.2"
    "@microsoft/load-themed-styles" "^1.10.26"
    tslib "^2.1.0"

"@fluentui/set-version@^8.1.5":
  version "8.1.5"
  resolved "https://registry.yarnpkg.com/@fluentui/set-version/-/set-version-8.1.5.tgz#68d3d8c7fbefba20b3d1aef71fcc730ca46dd353"
  integrity sha512-AfaycaduWd/aErqEmrAUWpr2gpZrkaSe6D9noXhtVH3JlreRuFM78Ji1oE4f8cpWxSA/K5qb7BT6x4z4I2Bs+A==
  dependencies:
    tslib "^2.1.0"

"@fluentui/style-utilities@^8.5.6":
  version "8.5.6"
  resolved "https://registry.yarnpkg.com/@fluentui/style-utilities/-/style-utilities-8.5.6.tgz#bdb2470f4181e1ca3d73e001a4be4f5ff57bbe73"
  integrity sha512-yLy2esalKY9LKRCodtVRcLqrxkIyD/9TZOBbOhndW6qziSghCRCAnBABMCjs8u++615dSp97fqAnfKIJ5FcriA==
  dependencies:
    "@fluentui/merge-styles" "^8.3.0"
    "@fluentui/set-version" "^8.1.5"
    "@fluentui/theme" "^2.4.10"
    "@fluentui/utilities" "^8.4.2"
    "@microsoft/load-themed-styles" "^1.10.26"
    tslib "^2.1.0"

"@fluentui/theme@^2.4.10":
  version "2.4.10"
  resolved "https://registry.yarnpkg.com/@fluentui/theme/-/theme-2.4.10.tgz#0aa3d7bc56b95ba177fa24b9564b20d9a6203845"
  integrity sha512-vSwj1ebwsGvlU0TUwe8+Xq1nTMylmsH5CrcvWcUroKZQ9YPThwUqR86UBZosHZd54ujSijLSp60WkCZgPpXsNQ==
  dependencies:
    "@fluentui/merge-styles" "^8.3.0"
    "@fluentui/set-version" "^8.1.5"
    "@fluentui/utilities" "^8.4.2"
    tslib "^2.1.0"

"@fluentui/utilities@^8.4.2":
  version "8.4.2"
  resolved "https://registry.yarnpkg.com/@fluentui/utilities/-/utilities-8.4.2.tgz#91f7eb835161708a3b8c5b9e70cf52bec9b6d95b"
  integrity sha512-9EGUq2eD4uIBDNMx4MkXBJz8GCqUf9GD8N89wPOOiN79WqI6DsTGsjvxOcYyu/Jq27qCnl8m9jDSv5JcrC21OA==
  dependencies:
    "@fluentui/dom-utilities" "^2.1.5"
    "@fluentui/merge-styles" "^8.3.0"
    "@fluentui/set-version" "^8.1.5"
    tslib "^2.1.0"

"@microsoft/load-themed-styles@^1.10.26":
  version "1.10.247"
  resolved "https://registry.yarnpkg.com/@microsoft/load-themed-styles/-/load-themed-styles-1.10.247.tgz#964ef32836a050c09486a6e9d092e50c9fb642ec"
  integrity sha512-vKbuG3Mcbc4kkNAcIE13aIv5KoI2g+tHFFIZnFhtUilpYHc0VsMd4Fw7Jz81A8AB7L3wWu3OZB2CNiRnr1a3ew==

"@types/prop-types@*":
  version "15.7.4"
  resolved "https://registry.yarnpkg.com/@types/prop-types/-/prop-types-15.7.4.tgz#fcf7205c25dff795ee79af1e30da2c9790808f11"
  integrity sha512-rZ5drC/jWjrArrS8BR6SIr4cWpW09RNTYt9AMZo3Jwwif+iacXAqgVjm0B0Bv/S1jhDXKHqRVNCbACkJ89RAnQ==

"@types/react-dom@^16.9.10":
  version "16.9.14"
  resolved "https://registry.yarnpkg.com/@types/react-dom/-/react-dom-16.9.14.tgz#674b8f116645fe5266b40b525777fc6bb8eb3bcd"
  integrity sha512-FIX2AVmPTGP30OUJ+0vadeIFJJ07Mh1m+U0rxfgyW34p3rTlXI+nlenvAxNn4BP36YyI9IJ/+UJ7Wu22N1pI7A==
  dependencies:
    "@types/react" "^16"

"@types/react@^16", "@types/react@^16.9.56":
  version "16.14.23"
  resolved "https://registry.yarnpkg.com/@types/react/-/react-16.14.23.tgz#37201b9f2324c5ff8fa4600dbf19079dfdffc880"
  integrity sha512-WngBZLuSkP4IAgPi0HOsGCHo6dn3CcuLQnCfC17VbA7YBgipZiZoTOhObwl/93DsFW0Y2a/ZXeonpW4DxirEJg==
  dependencies:
    "@types/prop-types" "*"
    "@types/scheduler" "*"
    csstype "^3.0.2"

"@types/scheduler@*":
  version "0.16.2"
  resolved "https://registry.yarnpkg.com/@types/scheduler/-/scheduler-0.16.2.tgz#1a62f89525723dde24ba1b01b092bf5df8ad4d39"
  integrity sha512-hppQEBDmlwhFAXKJX2KnWLYu5yMfi91yazPb2l+lbJiwW+wdo1gNeRA+3RgNSO39WYX2euey41KEwnqesU2Jew==

csstype@^3.0.2:
  version "3.0.10"
  resolved "https://registry.yarnpkg.com/csstype/-/csstype-3.0.10.tgz#2ad3a7bed70f35b965707c092e5f30b327c290e5"
  integrity sha512-2u44ZG2OcNUO9HDp/Jl8C07x6pU/eTR3ncV91SiK3dhG9TWvRVsCoJw14Ckx5DgWkzGA3waZWO3d7pgqpUI/XA==

"js-tokens@^3.0.0 || ^4.0.0":
  version "4.0.0"
  resolved "https://registry.yarnpkg.com/js-tokens/-/js-tokens-4.0.0.tgz#19203fb59991df98e3a287050d4647cdeaf32499"
  integrity sha512-RdJUflcE3cUzKiMqQgsCu06FPu9UdIJO0beYbPhHN4k6apgJtifcoCtT9bcxOpYBtpD2kCM6Sbzg4CausW/PKQ==

loose-envify@^1.1.0, loose-envify@^1.4.0:
  version "1.4.0"
  resolved "https://registry.yarnpkg.com/loose-envify/-/loose-envify-1.4.0.tgz#71ee51fa7be4caec1a63839f7e682d8132d30caf"
  integrity sha512-lyuxPGr/Wfhrlem2CL/UcnUc1zcqKAImBDzukY7Y5F/yQiNdko6+fRLevlw1HgMySw7f611UIY408EtxRSoK3Q==
  dependencies:
    js-tokens "^3.0.0 || ^4.0.0"

object-assign@^4.1.1:
  version "4.1.1"
  resolved "https://registry.yarnpkg.com/object-assign/-/object-assign-4.1.1.tgz#2109adc7965887cfc05cbbd442cac8bfbb360863"
  integrity sha1-IQmtx5ZYh8/AXLvUQsrIv7s2CGM=

prop-types@^15.6.2:
  version "15.8.1"
  resolved "https://registry.yarnpkg.com/prop-types/-/prop-types-15.8.1.tgz#67d87bf1a694f48435cf332c24af10214a3140b5"
  integrity sha512-oj87CgZICdulUohogVAR7AjlC0327U4el4L6eAvOqCeudMDVU0NThNaV+b9Df4dXgSP1gXMTnPdhfe/2qDH5cg==
  dependencies:
    loose-envify "^1.4.0"
    object-assign "^4.1.1"
    react-is "^16.13.1"

react-dom@~16.11.0:
  version "16.11.0"
  resolved "https://registry.yarnpkg.com/react-dom/-/react-dom-16.11.0.tgz#7e7c4a5a85a569d565c2462f5d345da2dd849af5"
  integrity sha512-nrRyIUE1e7j8PaXSPtyRKtz+2y9ubW/ghNgqKFHHAHaeP0fpF5uXR+sq8IMRHC+ZUxw7W9NyCDTBtwWxvkb0iA==
  dependencies:
    loose-envify "^1.1.0"
    object-assign "^4.1.1"
    prop-types "^15.6.2"
    scheduler "^0.17.0"

react-is@^16.13.1:
  version "16.13.1"
  resolved "https://registry.yarnpkg.com/react-is/-/react-is-16.13.1.tgz#789729a4dc36de2999dc156dd6c1d9c18cea56a4"
  integrity sha512-24e6ynE2H+OKt4kqsOvNd8kBpV65zoxbA4BVsEOB3ARVWQki/DHzaUoC5KuON/BiccDaCCTZBuOcfZs70kR8bQ==

react@~16.11.0:
  version "16.11.0"
  resolved "https://registry.yarnpkg.com/react/-/react-16.11.0.tgz#d294545fe62299ccee83363599bf904e4a07fdbb"
  integrity sha512-M5Y8yITaLmU0ynd0r1Yvfq98Rmll6q8AxaEe88c8e7LxO8fZ2cNgmFt0aGAS9wzf1Ao32NKXtCl+/tVVtkxq6g==
  dependencies:
    loose-envify "^1.1.0"
    object-assign "^4.1.1"
    prop-types "^15.6.2"

scheduler@^0.17.0:
  version "0.17.0"
  resolved "https://registry.yarnpkg.com/scheduler/-/scheduler-0.17.0.tgz#7c9c673e4ec781fac853927916d1c426b6f3ddfe"
  integrity sha512-7rro8Io3tnCPuY4la/NuI5F2yfESpnfZyT6TtkXnSWVkcu0BCDJ+8gk5ozUaFaxpIyNuWAPXrH0yFcSi28fnDA==
  dependencies:
    loose-envify "^1.1.0"
    object-assign "^4.1.1"

tslib@^2.1.0, tslib@^2.3.1:
  version "2.3.1"
  resolved "https://registry.yarnpkg.com/tslib/-/tslib-2.3.1.tgz#e8a335add5ceae51aa261d32a490158ef042ef01"
  integrity sha512-77EbyPPpMz+FRFRuAFlWMtmgUWGe9UOG2Z25NqCwiIjRhOf5iKGuzSe5P2w1laq+FkRy4p+PCuVkJSGkzTEKVw==

typescript@^4.5.2:
  version "4.5.5"
  resolved "https://registry.yarnpkg.com/typescript/-/typescript-4.5.5.tgz#d8c953832d28924a9e3d37c73d729c846c5896f3"
  integrity sha512-TCTIul70LyWe6IJWT8QSYeA54WQe8EjQFU4wY52Fasj5UKx88LNYKCgBEHcOMOrFF1rKGbD8v/xcNWVUq9SymA==
