{
  "name": "npm-example",
  "lockfileVersion": 2,
  "requires": true,
  "packages": {
    "": {
      "name": "npm-example",
      "workspaces": [
        "packages/*"
      ]
    },
    "node_modules/@foo/blue-kids-cheat": {
      "resolved": "packages/blue-kids-cheat",
      "link": true
    },
    "node_modules/@foo/calm-bikes-bow": {
      "resolved": "packages/calm-bikes-bow",
      "link": true
    },
    "node_modules/@foo/chilly-cooks-kiss": {
      "resolved": "packages/chilly-cooks-kiss",
      "link": true
    },
    "node_modules/@foo/clear-pants-add": {
      "resolved": "packages/clear-pants-add",
      "link": true
    },
    "node_modules/@foo/clever-plums-eat": {
      "resolved": "packages/clever-plums-eat",
      "link": true
    },
    "node_modules/@foo/common-towns-bet": {
      "resolved": "packages/common-towns-bet",
      "link": true
    },
    "node_modules/@foo/cruel-times-relate": {
      "resolved": "packages/cruel-times-relate",
      "link": true
    },
    "node_modules/@foo/curly-icons-prove": {
      "resolved": "packages/curly-icons-prove",
      "link": true
    },
    "node_modules/@foo/cyan-cups-clap": {
      "resolved": "packages/cyan-cups-clap",
      "link": true
    },
    "node_modules/@foo/cyan-teeth-shine": {
      "resolved": "packages/cyan-teeth-shine",
      "link": true
    },
    "node_modules/@foo/dark-bushes-mate": {
      "resolved": "packages/dark-bushes-mate",
      "link": true
    },
    "node_modules/@foo/eager-adults-bet": {
      "resolved": "packages/eager-adults-bet",
      "link": true
    },
    "node_modules/@foo/eight-cooks-listen": {
      "resolved": "packages/eight-cooks-listen",
      "link": true
    },
    "node_modules/@foo/eighty-berries-count": {
      "resolved": "packages/eighty-berries-count",
      "link": true
    },
    "node_modules/@foo/evil-nights-sip": {
      "resolved": "packages/evil-nights-sip",
      "link": true
    },
    "node_modules/@foo/fair-moose-lay": {
      "resolved": "packages/fair-moose-lay",
      "link": true
    },
    "node_modules/@foo/fifty-emus-pump": {
      "resolved": "packages/fifty-emus-pump",
      "link": true
    },
    "node_modules/@foo/fluffy-showers-fly": {
      "resolved": "packages/fluffy-showers-fly",
      "link": true
    },
    "node_modules/@foo/forty-cloths-wait": {
      "resolved": "packages/forty-cloths-wait",
      "link": true
    },
    "node_modules/@foo/fuzzy-hornets-sit": {
      "resolved": "packages/fuzzy-hornets-sit",
      "link": true
    },
    "node_modules/@foo/gold-jobs-matter": {
      "resolved": "packages/gold-jobs-matter",
      "link": true
    },
    "node_modules/@foo/hot-pens-notice": {
      "resolved": "packages/hot-pens-notice",
      "link": true
    },
    "node_modules/@foo/itchy-dogs-cheat": {
      "resolved": "packages/itchy-dogs-cheat",
      "link": true
    },
    "node_modules/@foo/mean-states-thank": {
      "resolved": "packages/mean-states-thank",
      "link": true
    },
    "node_modules/@foo/metal-monkeys-refuse": {
      "resolved": "packages/metal-monkeys-refuse",
      "link": true
    },
    "node_modules/@foo/moody-rooms-battle": {
      "resolved": "packages/moody-rooms-battle",
      "link": true
    },
    "node_modules/@foo/moody-sites-dress": {
      "resolved": "packages/moody-sites-dress",
      "link": true
    },
    "node_modules/@foo/nasty-rings-trade": {
      "resolved": "packages/nasty-rings-trade",
      "link": true
    },
    "node_modules/@foo/polite-hands-heal": {
      "resolved": "packages/polite-hands-heal",
      "link": true
    },
    "node_modules/@foo/real-hornets-film": {
      "resolved": "packages/real-hornets-film",
      "link": true
    },
    "node_modules/@foo/ripe-radios-sin": {
      "resolved": "packages/ripe-radios-sin",
      "link": true
    },
    "node_modules/@foo/sad-zoos-study": {
      "resolved": "packages/sad-zoos-study",
      "link": true
    },
    "node_modules/@foo/seven-jeans-run": {
      "resolved": "packages/seven-jeans-run",
      "link": true
    },
    "node_modules/@foo/silent-bears-tie": {
      "resolved": "packages/silent-bears-tie",
      "link": true
    },
    "node_modules/@foo/six-heads-yawn": {
      "resolved": "packages/six-heads-yawn",
      "link": true
    },
    "node_modules/@foo/six-meals-mix": {
      "resolved": "packages/six-meals-mix",
      "link": true
    },
    "node_modules/@foo/six-queens-run": {
      "resolved": "packages/six-queens-run",
      "link": true
    },
    "node_modules/@foo/social-apples-dress": {
      "resolved": "packages/social-apples-dress",
      "link": true
    },
    "node_modules/@foo/soft-schools-float": {
      "resolved": "packages/soft-schools-float",
      "link": true
    },
    "node_modules/@foo/swift-boxes-type": {
      "resolved": "packages/swift-boxes-type",
      "link": true
    },
    "node_modules/@foo/thin-dryers-marry": {
      "resolved": "packages/thin-dryers-marry",
      "link": true
    },
    "node_modules/@foo/thin-eels-brush": {
      "resolved": "packages/thin-eels-brush",
      "link": true
    },
    "node_modules/@foo/three-paws-type": {
      "resolved": "packages/three-paws-type",
      "link": true
    },
    "node_modules/@foo/tiny-candles-post": {
      "resolved": "packages/tiny-candles-post",
      "link": true
    },
    "node_modules/@foo/tired-dots-marry": {
      "resolved": "packages/tired-dots-marry",
      "link": true
    },
    "node_modules/@foo/tricky-wolves-scream": {
      "resolved": "packages/tricky-wolves-scream",
      "link": true
    },
    "node_modules/@foo/true-shirts-matter": {
      "resolved": "packages/true-shirts-matter",
      "link": true
    },
    "node_modules/@foo/twenty-times-slide": {
      "resolved": "packages/twenty-times-slide",
      "link": true
    },
    "node_modules/@foo/vast-steaks-peel": {
      "resolved": "packages/vast-steaks-peel",
      "link": true
    },
    "node_modules/@foo/wild-beds-follow": {
      "resolved": "packages/wild-beds-follow",
      "link": true
    },
    "node_modules/js-tokens": {
      "version": "4.0.0",
      "resolved": "https://registry.npmjs.org/js-tokens/-/js-tokens-4.0.0.tgz",
      "integrity": "sha512-RdJUflcE3cUzKiMqQgsCu06FPu9UdIJO0beYbPhHN4k6apgJtifcoCtT9bcxOpYBtpD2kCM6Sbzg4CausW/PKQ=="
    },
    "node_modules/loose-envify": {
      "version": "1.4.0",
      "resolved": "https://registry.npmjs.org/loose-envify/-/loose-envify-1.4.0.tgz",
      "integrity": "sha512-lyuxPGr/Wfhrlem2CL/UcnUc1zcqKAImBDzukY7Y5F/yQiNdko6+fRLevlw1HgMySw7f611UIY408EtxRSoK3Q==",
      "dependencies": {
        "js-tokens": "^3.0.0 || ^4.0.0"
      },
      "bin": {
        "loose-envify": "cli.js"
      }
    },
    "node_modules/react": {
      "version": "18.2.0",
      "resolved": "https://registry.npmjs.org/react/-/react-18.2.0.tgz",
      "integrity": "sha512-/3IjMdb2L9QbBdWiW5e3P2/npwMBaU9mHCSCUzNln0ZCYbcfTsGbTJrU/kGemdH2IWmB2ioZ+zkxtmq6g09fGQ==",
      "dependencies": {
        "loose-envify": "^1.1.0"
      },
      "engines": {
        "node": ">=0.10.0"
      }
    },
    "packages/blue-kids-cheat": {
      "name": "@foo/blue-kids-cheat",
      "version": "0.1.0",
      "dependencies": {
        "react": "^18.2.0"
      }
    },
    "packages/calm-bikes-bow": {
      "name": "@foo/calm-bikes-bow",
      "version": "0.1.0"
    },
    "packages/chilly-cooks-kiss": {
      "name": "@foo/chilly-cooks-kiss",
      "version": "0.1.0"
    },
    "packages/clear-pants-add": {
      "name": "@foo/clear-pants-add",
      "version": "0.1.0"
    },
    "packages/clever-plums-eat": {
      "name": "@foo/clever-plums-eat",
      "version": "0.1.0"
    },
    "packages/common-towns-bet": {
      "name": "@foo/common-towns-bet",
      "version": "0.1.0"
    },
    "packages/cruel-times-relate": {
      "name": "@foo/cruel-times-relate",
      "version": "0.1.0"
    },
    "packages/curly-icons-prove": {
      "name": "@foo/curly-icons-prove",
      "version": "0.1.0"
    },
    "packages/cyan-cups-clap": {
      "name": "@foo/cyan-cups-clap",
      "version": "0.1.0"
    },
    "packages/cyan-teeth-shine": {
      "name": "@foo/cyan-teeth-shine",
      "version": "0.1.0"
    },
    "packages/dark-bushes-mate": {
      "name": "@foo/dark-bushes-mate",
      "version": "0.1.0"
    },
    "packages/eager-adults-bet": {
      "name": "@foo/eager-adults-bet",
      "version": "0.1.0"
    },
    "packages/eight-cooks-listen": {
      "name": "@foo/eight-cooks-listen",
      "version": "0.1.0"
    },
    "packages/eighty-berries-count": {
      "name": "@foo/eighty-berries-count",
      "version": "0.1.0"
    },
    "packages/evil-nights-sip": {
      "name": "@foo/evil-nights-sip",
      "version": "0.1.0"
    },
    "packages/fair-moose-lay": {
      "name": "@foo/fair-moose-lay",
      "version": "0.1.0"
    },
    "packages/fifty-emus-pump": {
      "name": "@foo/fifty-emus-pump",
      "version": "0.1.0"
    },
    "packages/fluffy-showers-fly": {
      "name": "@foo/fluffy-showers-fly",
      "version": "0.1.0"
    },
    "packages/forty-cloths-wait": {
      "name": "@foo/forty-cloths-wait",
      "version": "0.1.0"
    },
    "packages/fuzzy-hornets-sit": {
      "name": "@foo/fuzzy-hornets-sit",
      "version": "0.1.0"
    },
    "packages/gold-jobs-matter": {
      "name": "@foo/gold-jobs-matter",
      "version": "0.1.0"
    },
    "packages/hot-pens-notice": {
      "name": "@foo/hot-pens-notice",
      "version": "0.1.0"
    },
    "packages/itchy-dogs-cheat": {
      "name": "@foo/itchy-dogs-cheat",
      "version": "0.1.0"
    },
    "packages/mean-states-thank": {
      "name": "@foo/mean-states-thank",
      "version": "0.1.0"
    },
    "packages/metal-monkeys-refuse": {
      "name": "@foo/metal-monkeys-refuse",
      "version": "0.1.0"
    },
    "packages/moody-rooms-battle": {
      "name": "@foo/moody-rooms-battle",
      "version": "0.1.0"
    },
    "packages/moody-sites-dress": {
      "name": "@foo/moody-sites-dress",
      "version": "0.1.0"
    },
    "packages/nasty-rings-trade": {
      "name": "@foo/nasty-rings-trade",
      "version": "0.1.0"
    },
    "packages/polite-hands-heal": {
      "name": "@foo/polite-hands-heal",
      "version": "0.1.0"
    },
    "packages/real-hornets-film": {
      "name": "@foo/real-hornets-film",
      "version": "0.1.0"
    },
    "packages/ripe-radios-sin": {
      "name": "@foo/ripe-radios-sin",
      "version": "0.1.0"
    },
    "packages/sad-zoos-study": {
      "name": "@foo/sad-zoos-study",
      "version": "0.1.0"
    },
    "packages/seven-jeans-run": {
      "name": "@foo/seven-jeans-run",
      "version": "0.1.0"
    },
    "packages/silent-bears-tie": {
      "name": "@foo/silent-bears-tie",
      "version": "0.1.0"
    },
    "packages/six-heads-yawn": {
      "name": "@foo/six-heads-yawn",
      "version": "0.1.0"
    },
    "packages/six-meals-mix": {
      "name": "@foo/six-meals-mix",
      "version": "0.1.0"
    },
    "packages/six-queens-run": {
      "name": "@foo/six-queens-run",
      "version": "0.1.0"
    },
    "packages/social-apples-dress": {
      "name": "@foo/social-apples-dress",
      "version": "0.1.0"
    },
    "packages/soft-schools-float": {
      "name": "@foo/soft-schools-float",
      "version": "0.1.0"
    },
    "packages/swift-boxes-type": {
      "name": "@foo/swift-boxes-type",
      "version": "0.1.0"
    },
    "packages/thin-dryers-marry": {
      "name": "@foo/thin-dryers-marry",
      "version": "0.1.0"
    },
    "packages/thin-eels-brush": {
      "name": "@foo/thin-eels-brush",
      "version": "0.1.0"
    },
    "packages/three-paws-type": {
      "name": "@foo/three-paws-type",
      "version": "0.1.0"
    },
    "packages/tiny-candles-post": {
      "name": "@foo/tiny-candles-post",
      "version": "0.1.0"
    },
    "packages/tired-dots-marry": {
      "name": "@foo/tired-dots-marry",
      "version": "0.1.0"
    },
    "packages/tricky-wolves-scream": {
      "name": "@foo/tricky-wolves-scream",
      "version": "0.1.0"
    },
    "packages/true-shirts-matter": {
      "name": "@foo/true-shirts-matter",
      "version": "0.1.0"
    },
    "packages/twenty-times-slide": {
      "name": "@foo/twenty-times-slide",
      "version": "0.1.0"
    },
    "packages/vast-steaks-peel": {
      "name": "@foo/vast-steaks-peel",
      "version": "0.1.0"
    },
    "packages/wild-beds-follow": {
      "name": "@foo/wild-beds-follow",
      "version": "0.1.0"
    }
  },
  "dependencies": {
    "@foo/blue-kids-cheat": {
      "version": "file:packages/blue-kids-cheat",
      "requires": {
        "react": "^18.2.0"
      }
    },
    "@foo/calm-bikes-bow": {
      "version": "file:packages/calm-bikes-bow"
    },
    "@foo/chilly-cooks-kiss": {
      "version": "file:packages/chilly-cooks-kiss"
    },
    "@foo/clear-pants-add": {
      "version": "file:packages/clear-pants-add"
    },
    "@foo/clever-plums-eat": {
      "version": "file:packages/clever-plums-eat"
    },
    "@foo/common-towns-bet": {
      "version": "file:packages/common-towns-bet"
    },
    "@foo/cruel-times-relate": {
      "version": "file:packages/cruel-times-relate"
    },
    "@foo/curly-icons-prove": {
      "version": "file:packages/curly-icons-prove"
    },
    "@foo/cyan-cups-clap": {
      "version": "file:packages/cyan-cups-clap"
    },
    "@foo/cyan-teeth-shine": {
      "version": "file:packages/cyan-teeth-shine"
    },
    "@foo/dark-bushes-mate": {
      "version": "file:packages/dark-bushes-mate"
    },
    "@foo/eager-adults-bet": {
      "version": "file:packages/eager-adults-bet"
    },
    "@foo/eight-cooks-listen": {
      "version": "file:packages/eight-cooks-listen"
    },
    "@foo/eighty-berries-count": {
      "version": "file:packages/eighty-berries-count"
    },
    "@foo/evil-nights-sip": {
      "version": "file:packages/evil-nights-sip"
    },
    "@foo/fair-moose-lay": {
      "version": "file:packages/fair-moose-lay"
    },
    "@foo/fifty-emus-pump": {
      "version": "file:packages/fifty-emus-pump"
    },
    "@foo/fluffy-showers-fly": {
      "version": "file:packages/fluffy-showers-fly"
    },
    "@foo/forty-cloths-wait": {
      "version": "file:packages/forty-cloths-wait"
    },
    "@foo/fuzzy-hornets-sit": {
      "version": "file:packages/fuzzy-hornets-sit"
    },
    "@foo/gold-jobs-matter": {
      "version": "file:packages/gold-jobs-matter"
    },
    "@foo/hot-pens-notice": {
      "version": "file:packages/hot-pens-notice"
    },
    "@foo/itchy-dogs-cheat": {
      "version": "file:packages/itchy-dogs-cheat"
    },
    "@foo/mean-states-thank": {
      "version": "file:packages/mean-states-thank"
    },
    "@foo/metal-monkeys-refuse": {
      "version": "file:packages/metal-monkeys-refuse"
    },
    "@foo/moody-rooms-battle": {
      "version": "file:packages/moody-rooms-battle"
    },
    "@foo/moody-sites-dress": {
      "version": "file:packages/moody-sites-dress"
    },
    "@foo/nasty-rings-trade": {
      "version": "file:packages/nasty-rings-trade"
    },
    "@foo/polite-hands-heal": {
      "version": "file:packages/polite-hands-heal"
    },
    "@foo/real-hornets-film": {
      "version": "file:packages/real-hornets-film"
    },
    "@foo/ripe-radios-sin": {
      "version": "file:packages/ripe-radios-sin"
    },
    "@foo/sad-zoos-study": {
      "version": "file:packages/sad-zoos-study"
    },
    "@foo/seven-jeans-run": {
      "version": "file:packages/seven-jeans-run"
    },
    "@foo/silent-bears-tie": {
      "version": "file:packages/silent-bears-tie"
    },
    "@foo/six-heads-yawn": {
      "version": "file:packages/six-heads-yawn"
    },
    "@foo/six-meals-mix": {
      "version": "file:packages/six-meals-mix"
    },
    "@foo/six-queens-run": {
      "version": "file:packages/six-queens-run"
    },
    "@foo/social-apples-dress": {
      "version": "file:packages/social-apples-dress"
    },
    "@foo/soft-schools-float": {
      "version": "file:packages/soft-schools-float"
    },
    "@foo/swift-boxes-type": {
      "version": "file:packages/swift-boxes-type"
    },
    "@foo/thin-dryers-marry": {
      "version": "file:packages/thin-dryers-marry"
    },
    "@foo/thin-eels-brush": {
      "version": "file:packages/thin-eels-brush"
    },
    "@foo/three-paws-type": {
      "version": "file:packages/three-paws-type"
    },
    "@foo/tiny-candles-post": {
      "version": "file:packages/tiny-candles-post"
    },
    "@foo/tired-dots-marry": {
      "version": "file:packages/tired-dots-marry"
    },
    "@foo/tricky-wolves-scream": {
      "version": "file:packages/tricky-wolves-scream"
    },
    "@foo/true-shirts-matter": {
      "version": "file:packages/true-shirts-matter"
    },
    "@foo/twenty-times-slide": {
      "version": "file:packages/twenty-times-slide"
    },
    "@foo/vast-steaks-peel": {
      "version": "file:packages/vast-steaks-peel"
    },
    "@foo/wild-beds-follow": {
      "version": "file:packages/wild-beds-follow"
    },
    "js-tokens": {
      "version": "4.0.0",
      "resolved": "https://registry.npmjs.org/js-tokens/-/js-tokens-4.0.0.tgz",
      "integrity": "sha512-RdJUflcE3cUzKiMqQgsCu06FPu9UdIJO0beYbPhHN4k6apgJtifcoCtT9bcxOpYBtpD2kCM6Sbzg4CausW/PKQ=="
    },
    "loose-envify": {
      "version": "1.4.0",
      "resolved": "https://registry.npmjs.org/loose-envify/-/loose-envify-1.4.0.tgz",
      "integrity": "sha512-lyuxPGr/Wfhrlem2CL/UcnUc1zcqKAImBDzukY7Y5F/yQiNdko6+fRLevlw1HgMySw7f611UIY408EtxRSoK3Q==",
      "requires": {
        "js-tokens": "^3.0.0 || ^4.0.0"
      }
    },
    "react": {
      "version": "18.2.0",
      "resolved": "https://registry.npmjs.org/react/-/react-18.2.0.tgz",
      "integrity": "sha512-/3IjMdb2L9QbBdWiW5e3P2/npwMBaU9mHCSCUzNln0ZCYbcfTsGbTJrU/kGemdH2IWmB2ioZ+zkxtmq6g09fGQ==",
      "requires": {
        "loose-envify": "^1.1.0"
      }
    }
  }
}
